// !$*UTF8*$!
{
	archiveVersion = 1;
	classes = {
	};
	objectVersion = 50;
	objects = {

/* Begin PBXBuildFile section */
		8C088A8925931DDF007772CC /* Elite_SelfApp.swift in Sources */ = {isa = PBXBuildFile; fileRef = 8C088A8825931DDF007772CC /* Elite_SelfApp.swift */; };
		8C088A8B25931DDF007772CC /* ContainerView.swift in Sources */ = {isa = PBXBuildFile; fileRef = 8C088A8A25931DDF007772CC /* ContainerView.swift */; };
		8C088A8D25931DFA007772CC /* Assets.xcassets in Resources */ = {isa = PBXBuildFile; fileRef = 8C088A8C25931DFA007772CC /* Assets.xcassets */; };
		8C088A9025931DFA007772CC /* Preview Assets.xcassets in Resources */ = {isa = PBXBuildFile; fileRef = 8C088A8F25931DFA007772CC /* Preview Assets.xcassets */; };
		8C088A9B25931DFC007772CC /* Elite_SelfTests.swift in Sources */ = {isa = PBXBuildFile; fileRef = 8C088A9A25931DFC007772CC /* Elite_SelfTests.swift */; };
		8C088AA625931DFD007772CC /* Elite_SelfUITests.swift in Sources */ = {isa = PBXBuildFile; fileRef = 8C088AA525931DFD007772CC /* Elite_SelfUITests.swift */; };
		8C088AD2259328D4007772CC /* StarsScene.sks in Resources */ = {isa = PBXBuildFile; fileRef = 8C088AD0259328D3007772CC /* StarsScene.sks */; };
		8C088AD3259328D4007772CC /* quotes.json in Resources */ = {isa = PBXBuildFile; fileRef = 8C088AD1259328D3007772CC /* quotes.json */; };
		8C088AE125932BA4007772CC /* AffirmView.swift in Sources */ = {isa = PBXBuildFile; fileRef = 8C088AE025932BA4007772CC /* AffirmView.swift */; };
		8C088AEA25932C18007772CC /* ManifestView.swift in Sources */ = {isa = PBXBuildFile; fileRef = 8C088AE925932C18007772CC /* ManifestView.swift */; };
		8C088AF025932C73007772CC /* VisualBoardView.swift in Sources */ = {isa = PBXBuildFile; fileRef = 8C088AEF25932C72007772CC /* VisualBoardView.swift */; };
		8C088AFA25932CED007772CC /* Manifest.swift in Sources */ = {isa = PBXBuildFile; fileRef = 8C088AF925932CED007772CC /* Manifest.swift */; };
		8C088B0525932E37007772CC /* ThankView.swift in Sources */ = {isa = PBXBuildFile; fileRef = 8C088B0425932E37007772CC /* ThankView.swift */; };
/* End PBXBuildFile section */

/* Begin PBXContainerItemProxy section */
		8C088A9725931DFC007772CC /* PBXContainerItemProxy */ = {
			isa = PBXContainerItemProxy;
			containerPortal = 8C088A7D25931DDE007772CC /* Project object */;
			proxyType = 1;
			remoteGlobalIDString = 8C088A8425931DDF007772CC;
			remoteInfo = "Elite Self";
		};
		8C088AA225931DFD007772CC /* PBXContainerItemProxy */ = {
			isa = PBXContainerItemProxy;
			containerPortal = 8C088A7D25931DDE007772CC /* Project object */;
			proxyType = 1;
			remoteGlobalIDString = 8C088A8425931DDF007772CC;
			remoteInfo = "Elite Self";
		};
/* End PBXContainerItemProxy section */

/* Begin PBXFileReference section */
		8C088A8525931DDF007772CC /* Elite Self.app */ = {isa = PBXFileReference; explicitFileType = wrapper.application; includeInIndex = 0; path = "Elite Self.app"; sourceTree = BUILT_PRODUCTS_DIR; };
		8C088A8825931DDF007772CC /* Elite_SelfApp.swift */ = {isa = PBXFileReference; lastKnownFileType = sourcecode.swift; path = Elite_SelfApp.swift; sourceTree = "<group>"; };
		8C088A8A25931DDF007772CC /* ContainerView.swift */ = {isa = PBXFileReference; lastKnownFileType = sourcecode.swift; path = ContainerView.swift; sourceTree = "<group>"; };
		8C088A8C25931DFA007772CC /* Assets.xcassets */ = {isa = PBXFileReference; lastKnownFileType = folder.assetcatalog; path = Assets.xcassets; sourceTree = "<group>"; };
		8C088A8F25931DFA007772CC /* Preview Assets.xcassets */ = {isa = PBXFileReference; lastKnownFileType = folder.assetcatalog; path = "Preview Assets.xcassets"; sourceTree = "<group>"; };
		8C088A9125931DFA007772CC /* Info.plist */ = {isa = PBXFileReference; lastKnownFileType = text.plist.xml; path = Info.plist; sourceTree = "<group>"; };
		8C088A9625931DFC007772CC /* Elite SelfTests.xctest */ = {isa = PBXFileReference; explicitFileType = wrapper.cfbundle; includeInIndex = 0; path = "Elite SelfTests.xctest"; sourceTree = BUILT_PRODUCTS_DIR; };
		8C088A9A25931DFC007772CC /* Elite_SelfTests.swift */ = {isa = PBXFileReference; lastKnownFileType = sourcecode.swift; path = Elite_SelfTests.swift; sourceTree = "<group>"; };
		8C088A9C25931DFC007772CC /* Info.plist */ = {isa = PBXFileReference; lastKnownFileType = text.plist.xml; path = Info.plist; sourceTree = "<group>"; };
		8C088AA125931DFD007772CC /* Elite SelfUITests.xctest */ = {isa = PBXFileReference; explicitFileType = wrapper.cfbundle; includeInIndex = 0; path = "Elite SelfUITests.xctest"; sourceTree = BUILT_PRODUCTS_DIR; };
		8C088AA525931DFD007772CC /* Elite_SelfUITests.swift */ = {isa = PBXFileReference; lastKnownFileType = sourcecode.swift; path = Elite_SelfUITests.swift; sourceTree = "<group>"; };
		8C088AA725931DFD007772CC /* Info.plist */ = {isa = PBXFileReference; lastKnownFileType = text.plist.xml; path = Info.plist; sourceTree = "<group>"; };
		8C088AD0259328D3007772CC /* StarsScene.sks */ = {isa = PBXFileReference; lastKnownFileType = file.sks; path = StarsScene.sks; sourceTree = "<group>"; };
		8C088AD1259328D3007772CC /* quotes.json */ = {isa = PBXFileReference; fileEncoding = 4; lastKnownFileType = text.json; path = quotes.json; sourceTree = "<group>"; };
		8C088AE025932BA4007772CC /* AffirmView.swift */ = {isa = PBXFileReference; lastKnownFileType = sourcecode.swift; path = AffirmView.swift; sourceTree = "<group>"; };
		8C088AE925932C18007772CC /* ManifestView.swift */ = {isa = PBXFileReference; lastKnownFileType = sourcecode.swift; path = ManifestView.swift; sourceTree = "<group>"; };
		8C088AEF25932C72007772CC /* VisualBoardView.swift */ = {isa = PBXFileReference; lastKnownFileType = sourcecode.swift; path = VisualBoardView.swift; sourceTree = "<group>"; };
		8C088AF925932CED007772CC /* Manifest.swift */ = {isa = PBXFileReference; lastKnownFileType = sourcecode.swift; path = Manifest.swift; sourceTree = "<group>"; };
		8C088B0425932E37007772CC /* ThankView.swift */ = {isa = PBXFileReference; lastKnownFileType = sourcecode.swift; path = ThankView.swift; sourceTree = "<group>"; };
/* End PBXFileReference section */

/* Begin PBXFrameworksBuildPhase section */
		8C088A8225931DDF007772CC /* Frameworks */ = {
			isa = PBXFrameworksBuildPhase;
			buildActionMask = 2147483647;
			files = (
			);
			runOnlyForDeploymentPostprocessing = 0;
		};
		8C088A9325931DFC007772CC /* Frameworks */ = {
			isa = PBXFrameworksBuildPhase;
			buildActionMask = 2147483647;
			files = (
			);
			runOnlyForDeploymentPostprocessing = 0;
		};
		8C088A9E25931DFD007772CC /* Frameworks */ = {
			isa = PBXFrameworksBuildPhase;
			buildActionMask = 2147483647;
			files = (
			);
			runOnlyForDeploymentPostprocessing = 0;
		};
/* End PBXFrameworksBuildPhase section */

/* Begin PBXGroup section */
		8C088A7C25931DDE007772CC = {
			isa = PBXGroup;
			children = (
				8C088A8725931DDF007772CC /* Elite Self */,
				8C088A9925931DFC007772CC /* Elite SelfTests */,
				8C088AA425931DFD007772CC /* Elite SelfUITests */,
				8C088A8625931DDF007772CC /* Products */,
			);
			sourceTree = "<group>";
		};
		8C088A8625931DDF007772CC /* Products */ = {
			isa = PBXGroup;
			children = (
				8C088A8525931DDF007772CC /* Elite Self.app */,
				8C088A9625931DFC007772CC /* Elite SelfTests.xctest */,
				8C088AA125931DFD007772CC /* Elite SelfUITests.xctest */,
			);
			name = Products;
			sourceTree = "<group>";
		};
		8C088A8725931DDF007772CC /* Elite Self */ = {
			isa = PBXGroup;
			children = (
				8C088AF525932CA8007772CC /* App */,
				8C088ADF25932B47007772CC /* Affirm */,
				8C088AE525932BBD007772CC /* Manifest */,
				8C088AEE25932C2C007772CC /* Visual */,
				8C088AFE25932D98007772CC /* Thank */,
				8C088AF425932C9A007772CC /* Models */,
				8C088A8A25931DDF007772CC /* ContainerView.swift */,
				8C088A8C25931DFA007772CC /* Assets.xcassets */,
				8C088A9125931DFA007772CC /* Info.plist */,
				8C088AD1259328D3007772CC /* quotes.json */,
				8C088AD0259328D3007772CC /* StarsScene.sks */,
				8C088A8E25931DFA007772CC /* Preview Content */,
			);
			path = "Elite Self";
			sourceTree = "<group>";
		};
		8C088A8E25931DFA007772CC /* Preview Content */ = {
			isa = PBXGroup;
			children = (
				8C088A8F25931DFA007772CC /* Preview Assets.xcassets */,
			);
			path = "Preview Content";
			sourceTree = "<group>";
		};
		8C088A9925931DFC007772CC /* Elite SelfTests */ = {
			isa = PBXGroup;
			children = (
				8C088A9A25931DFC007772CC /* Elite_SelfTests.swift */,
				8C088A9C25931DFC007772CC /* Info.plist */,
			);
			path = "Elite SelfTests";
			sourceTree = "<group>";
		};
		8C088AA425931DFD007772CC /* Elite SelfUITests */ = {
			isa = PBXGroup;
			children = (
				8C088AA525931DFD007772CC /* Elite_SelfUITests.swift */,
				8C088AA725931DFD007772CC /* Info.plist */,
			);
			path = "Elite SelfUITests";
			sourceTree = "<group>";
		};
		8C088ADF25932B47007772CC /* Affirm */ = {
			isa = PBXGroup;
			children = (
				8C088AE025932BA4007772CC /* AffirmView.swift */,
			);
			path = Affirm;
			sourceTree = "<group>";
		};
		8C088AE525932BBD007772CC /* Manifest */ = {
			isa = PBXGroup;
			children = (
				8C088AE925932C18007772CC /* ManifestView.swift */,
			);
			path = Manifest;
			sourceTree = "<group>";
		};
		8C088AEE25932C2C007772CC /* Visual */ = {
			isa = PBXGroup;
			children = (
				8C088AEF25932C72007772CC /* VisualBoardView.swift */,
			);
			path = Visual;
			sourceTree = "<group>";
		};
		8C088AF425932C9A007772CC /* Models */ = {
			isa = PBXGroup;
			children = (
				8C088AF925932CED007772CC /* Manifest.swift */,
			);
			path = Models;
			sourceTree = "<group>";
		};
		8C088AF525932CA8007772CC /* App */ = {
			isa = PBXGroup;
			children = (
				8C088A8825931DDF007772CC /* Elite_SelfApp.swift */,
			);
			path = App;
			sourceTree = "<group>";
		};
		8C088AFE25932D98007772CC /* Thank */ = {
			isa = PBXGroup;
			children = (
				8C088B0425932E37007772CC /* ThankView.swift */,
			);
			path = Thank;
			sourceTree = "<group>";
		};
/* End PBXGroup section */

/* Begin PBXNativeTarget section */
		8C088A8425931DDF007772CC /* Elite Self */ = {
			isa = PBXNativeTarget;
			buildConfigurationList = 8C088AAA25931DFD007772CC /* Build configuration list for PBXNativeTarget "Elite Self" */;
			buildPhases = (
				8C088A8125931DDF007772CC /* Sources */,
				8C088A8225931DDF007772CC /* Frameworks */,
				8C088A8325931DDF007772CC /* Resources */,
			);
			buildRules = (
			);
			dependencies = (
			);
			name = "Elite Self";
			productName = "Elite Self";
			productReference = 8C088A8525931DDF007772CC /* Elite Self.app */;
			productType = "com.apple.product-type.application";
		};
		8C088A9525931DFC007772CC /* Elite SelfTests */ = {
			isa = PBXNativeTarget;
			buildConfigurationList = 8C088AAD25931DFD007772CC /* Build configuration list for PBXNativeTarget "Elite SelfTests" */;
			buildPhases = (
				8C088A9225931DFC007772CC /* Sources */,
				8C088A9325931DFC007772CC /* Frameworks */,
				8C088A9425931DFC007772CC /* Resources */,
			);
			buildRules = (
			);
			dependencies = (
				8C088A9825931DFC007772CC /* PBXTargetDependency */,
			);
			name = "Elite SelfTests";
			productName = "Elite SelfTests";
			productReference = 8C088A9625931DFC007772CC /* Elite SelfTests.xctest */;
			productType = "com.apple.product-type.bundle.unit-test";
		};
		8C088AA025931DFD007772CC /* Elite SelfUITests */ = {
			isa = PBXNativeTarget;
			buildConfigurationList = 8C088AB025931DFD007772CC /* Build configuration list for PBXNativeTarget "Elite SelfUITests" */;
			buildPhases = (
				8C088A9D25931DFD007772CC /* Sources */,
				8C088A9E25931DFD007772CC /* Frameworks */,
				8C088A9F25931DFD007772CC /* Resources */,
			);
			buildRules = (
			);
			dependencies = (
				8C088AA325931DFD007772CC /* PBXTargetDependency */,
			);
			name = "Elite SelfUITests";
			productName = "Elite SelfUITests";
			productReference = 8C088AA125931DFD007772CC /* Elite SelfUITests.xctest */;
			productType = "com.apple.product-type.bundle.ui-testing";
		};
/* End PBXNativeTarget section */

/* Begin PBXProject section */
		8C088A7D25931DDE007772CC /* Project object */ = {
			isa = PBXProject;
			attributes = {
				LastSwiftUpdateCheck = 1230;
				LastUpgradeCheck = 1230;
				TargetAttributes = {
					8C088A8425931DDF007772CC = {
						CreatedOnToolsVersion = 12.3;
					};
					8C088A9525931DFC007772CC = {
						CreatedOnToolsVersion = 12.3;
						TestTargetID = 8C088A8425931DDF007772CC;
					};
					8C088AA025931DFD007772CC = {
						CreatedOnToolsVersion = 12.3;
						TestTargetID = 8C088A8425931DDF007772CC;
					};
				};
			};
			buildConfigurationList = 8C088A8025931DDE007772CC /* Build configuration list for PBXProject "Elite Self" */;
			compatibilityVersion = "Xcode 9.3";
			developmentRegion = en;
			hasScannedForEncodings = 0;
			knownRegions = (
				en,
				Base,
				ru,
			);
			mainGroup = 8C088A7C25931DDE007772CC;
			productRefGroup = 8C088A8625931DDF007772CC /* Products */;
			projectDirPath = "";
			projectRoot = "";
			targets = (
				8C088A8425931DDF007772CC /* Elite Self */,
				8C088A9525931DFC007772CC /* Elite SelfTests */,
				8C088AA025931DFD007772CC /* Elite SelfUITests */,
			);
		};
/* End PBXProject section */

/* Begin PBXResourcesBuildPhase section */
		8C088A8325931DDF007772CC /* Resources */ = {
			isa = PBXResourcesBuildPhase;
			buildActionMask = 2147483647;
			files = (
				8C088AD3259328D4007772CC /* quotes.json in Resources */,
				8C088A9025931DFA007772CC /* Preview Assets.xcassets in Resources */,
				8C088AD2259328D4007772CC /* StarsScene.sks in Resources */,
				8C088A8D25931DFA007772CC /* Assets.xcassets in Resources */,
			);
			runOnlyForDeploymentPostprocessing = 0;
		};
		8C088A9425931DFC007772CC /* Resources */ = {
			isa = PBXResourcesBuildPhase;
			buildActionMask = 2147483647;
			files = (
			);
			runOnlyForDeploymentPostprocessing = 0;
		};
		8C088A9F25931DFD007772CC /* Resources */ = {
			isa = PBXResourcesBuildPhase;
			buildActionMask = 2147483647;
			files = (
			);
			runOnlyForDeploymentPostprocessing = 0;
		};
/* End PBXResourcesBuildPhase section */

/* Begin PBXSourcesBuildPhase section */
		8C088A8125931DDF007772CC /* Sources */ = {
			isa = PBXSourcesBuildPhase;
			buildActionMask = 2147483647;
			files = (
				8C088A8B25931DDF007772CC /* ContainerView.swift in Sources */,
				8C088A8925931DDF007772CC /* Elite_SelfApp.swift in Sources */,
				8C088AFA25932CED007772CC /* Manifest.swift in Sources */,
				8C088AE125932BA4007772CC /* AffirmView.swift in Sources */,
				8C088AEA25932C18007772CC /* ManifestView.swift in Sources */,
				8C088B0525932E37007772CC /* ThankView.swift in Sources */,
				8C088AF025932C73007772CC /* VisualBoardView.swift in Sources */,
			);
			runOnlyForDeploymentPostprocessing = 0;
		};
		8C088A9225931DFC007772CC /* Sources */ = {
			isa = PBXSourcesBuildPhase;
			buildActionMask = 2147483647;
			files = (
				8C088A9B25931DFC007772CC /* Elite_SelfTests.swift in Sources */,
			);
			runOnlyForDeploymentPostprocessing = 0;
		};
		8C088A9D25931DFD007772CC /* Sources */ = {
			isa = PBXSourcesBuildPhase;
			buildActionMask = 2147483647;
			files = (
				8C088AA625931DFD007772CC /* Elite_SelfUITests.swift in Sources */,
			);
			runOnlyForDeploymentPostprocessing = 0;
		};
/* End PBXSourcesBuildPhase section */

/* Begin PBXTargetDependency section */
		8C088A9825931DFC007772CC /* PBXTargetDependency */ = {
			isa = PBXTargetDependency;
			target = 8C088A8425931DDF007772CC /* Elite Self */;
			targetProxy = 8C088A9725931DFC007772CC /* PBXContainerItemProxy */;
		};
		8C088AA325931DFD007772CC /* PBXTargetDependency */ = {
			isa = PBXTargetDependency;
			target = 8C088A8425931DDF007772CC /* Elite Self */;
			targetProxy = 8C088AA225931DFD007772CC /* PBXContainerItemProxy */;
		};
/* End PBXTargetDependency section */

/* Begin XCBuildConfiguration section */
		8C088AA825931DFD007772CC /* Debug */ = {
			isa = XCBuildConfiguration;
			buildSettings = {
				ALWAYS_SEARCH_USER_PATHS = NO;
				CLANG_ANALYZER_NONNULL = YES;
				CLANG_ANALYZER_NUMBER_OBJECT_CONVERSION = YES_AGGRESSIVE;
				CLANG_CXX_LANGUAGE_STANDARD = "gnu++14";
				CLANG_CXX_LIBRARY = "libc++";
				CLANG_ENABLE_MODULES = YES;
				CLANG_ENABLE_OBJC_ARC = YES;
				CLANG_ENABLE_OBJC_WEAK = YES;
				CLANG_WARN_BLOCK_CAPTURE_AUTORELEASING = YES;
				CLANG_WARN_BOOL_CONVERSION = YES;
				CLANG_WARN_COMMA = YES;
				CLANG_WARN_CONSTANT_CONVERSION = YES;
				CLANG_WARN_DEPRECATED_OBJC_IMPLEMENTATIONS = YES;
				CLANG_WARN_DIRECT_OBJC_ISA_USAGE = YES_ERROR;
				CLANG_WARN_DOCUMENTATION_COMMENTS = YES;
				CLANG_WARN_EMPTY_BODY = YES;
				CLANG_WARN_ENUM_CONVERSION = YES;
				CLANG_WARN_INFINITE_RECURSION = YES;
				CLANG_WARN_INT_CONVERSION = YES;
				CLANG_WARN_NON_LITERAL_NULL_CONVERSION = YES;
				CLANG_WARN_OBJC_IMPLICIT_RETAIN_SELF = YES;
				CLANG_WARN_OBJC_LITERAL_CONVERSION = YES;
				CLANG_WARN_OBJC_ROOT_CLASS = YES_ERROR;
				CLANG_WARN_QUOTED_INCLUDE_IN_FRAMEWORK_HEADER = YES;
				CLANG_WARN_RANGE_LOOP_ANALYSIS = YES;
				CLANG_WARN_STRICT_PROTOTYPES = YES;
				CLANG_WARN_SUSPICIOUS_MOVE = YES;
				CLANG_WARN_UNGUARDED_AVAILABILITY = YES_AGGRESSIVE;
				CLANG_WARN_UNREACHABLE_CODE = YES;
				CLANG_WARN__DUPLICATE_METHOD_MATCH = YES;
				COPY_PHASE_STRIP = NO;
				DEBUG_INFORMATION_FORMAT = dwarf;
				ENABLE_STRICT_OBJC_MSGSEND = YES;
				ENABLE_TESTABILITY = YES;
				GCC_C_LANGUAGE_STANDARD = gnu11;
				GCC_DYNAMIC_NO_PIC = NO;
				GCC_NO_COMMON_BLOCKS = YES;
				GCC_OPTIMIZATION_LEVEL = 0;
				GCC_PREPROCESSOR_DEFINITIONS = (
					"DEBUG=1",
					"$(inherited)",
				);
				GCC_WARN_64_TO_32_BIT_CONVERSION = YES;
				GCC_WARN_ABOUT_RETURN_TYPE = YES_ERROR;
				GCC_WARN_UNDECLARED_SELECTOR = YES;
				GCC_WARN_UNINITIALIZED_AUTOS = YES_AGGRESSIVE;
				GCC_WARN_UNUSED_FUNCTION = YES;
				GCC_WARN_UNUSED_VARIABLE = YES;
				IPHONEOS_DEPLOYMENT_TARGET = 14.0;
				MTL_ENABLE_DEBUG_INFO = INCLUDE_SOURCE;
				MTL_FAST_MATH = YES;
				ONLY_ACTIVE_ARCH = YES;
				SDKROOT = iphoneos;
				SWIFT_ACTIVE_COMPILATION_CONDITIONS = DEBUG;
				SWIFT_OPTIMIZATION_LEVEL = "-Onone";
			};
			name = Debug;
		};
		8C088AA925931DFD007772CC /* Release */ = {
			isa = XCBuildConfiguration;
			buildSettings = {
				ALWAYS_SEARCH_USER_PATHS = NO;
				CLANG_ANALYZER_NONNULL = YES;
				CLANG_ANALYZER_NUMBER_OBJECT_CONVERSION = YES_AGGRESSIVE;
				CLANG_CXX_LANGUAGE_STANDARD = "gnu++14";
				CLANG_CXX_LIBRARY = "libc++";
				CLANG_ENABLE_MODULES = YES;
				CLANG_ENABLE_OBJC_ARC = YES;
				CLANG_ENABLE_OBJC_WEAK = YES;
				CLANG_WARN_BLOCK_CAPTURE_AUTORELEASING = YES;
				CLANG_WARN_BOOL_CONVERSION = YES;
				CLANG_WARN_COMMA = YES;
				CLANG_WARN_CONSTANT_CONVERSION = YES;
				CLANG_WARN_DEPRECATED_OBJC_IMPLEMENTATIONS = YES;
				CLANG_WARN_DIRECT_OBJC_ISA_USAGE = YES_ERROR;
				CLANG_WARN_DOCUMENTATION_COMMENTS = YES;
				CLANG_WARN_EMPTY_BODY = YES;
				CLANG_WARN_ENUM_CONVERSION = YES;
				CLANG_WARN_INFINITE_RECURSION = YES;
				CLANG_WARN_INT_CONVERSION = YES;
				CLANG_WARN_NON_LITERAL_NULL_CONVERSION = YES;
				CLANG_WARN_OBJC_IMPLICIT_RETAIN_SELF = YES;
				CLANG_WARN_OBJC_LITERAL_CONVERSION = YES;
				CLANG_WARN_OBJC_ROOT_CLASS = YES_ERROR;
				CLANG_WARN_QUOTED_INCLUDE_IN_FRAMEWORK_HEADER = YES;
				CLANG_WARN_RANGE_LOOP_ANALYSIS = YES;
				CLANG_WARN_STRICT_PROTOTYPES = YES;
				CLANG_WARN_SUSPICIOUS_MOVE = YES;
				CLANG_WARN_UNGUARDED_AVAILABILITY = YES_AGGRESSIVE;
				CLANG_WARN_UNREACHABLE_CODE = YES;
				CLANG_WARN__DUPLICATE_METHOD_MATCH = YES;
				COPY_PHASE_STRIP = NO;
				DEBUG_INFORMATION_FORMAT = "dwarf-with-dsym";
				ENABLE_NS_ASSERTIONS = NO;
				ENABLE_STRICT_OBJC_MSGSEND = YES;
				GCC_C_LANGUAGE_STANDARD = gnu11;
				GCC_NO_COMMON_BLOCKS = YES;
				GCC_WARN_64_TO_32_BIT_CONVERSION = YES;
				GCC_WARN_ABOUT_RETURN_TYPE = YES_ERROR;
				GCC_WARN_UNDECLARED_SELECTOR = YES;
				GCC_WARN_UNINITIALIZED_AUTOS = YES_AGGRESSIVE;
				GCC_WARN_UNUSED_FUNCTION = YES;
				GCC_WARN_UNUSED_VARIABLE = YES;
				IPHONEOS_DEPLOYMENT_TARGET = 14.0;
				MTL_ENABLE_DEBUG_INFO = NO;
				MTL_FAST_MATH = YES;
				SDKROOT = iphoneos;
				SWIFT_COMPILATION_MODE = wholemodule;
				SWIFT_OPTIMIZATION_LEVEL = "-O";
				VALIDATE_PRODUCT = YES;
			};
			name = Release;
		};
		8C088AAB25931DFD007772CC /* Debug */ = {
			isa = XCBuildConfiguration;
			buildSettings = {
				ASSETCATALOG_COMPILER_APPICON_NAME = AppIcon;
				ASSETCATALOG_COMPILER_GLOBAL_ACCENT_COLOR_NAME = AccentColor;
				CODE_SIGN_STYLE = Automatic;
				CURRENT_PROJECT_VERSION = 2;
				DEVELOPMENT_ASSET_PATHS = "\"Elite Self/Preview Content\"";
				DEVELOPMENT_TEAM = 2QL8JDRMYQ;
				ENABLE_PREVIEWS = YES;
				INFOPLIST_FILE = "Elite Self/Info.plist";
				IPHONEOS_DEPLOYMENT_TARGET = 14.0;
				LD_RUNPATH_SEARCH_PATHS = (
					"$(inherited)",
					"@executable_path/Frameworks",
				);
				MARKETING_VERSION = 2.0;
				PRODUCT_BUNDLE_IDENTIFIER = com.divineapp.Eliteself;
				PRODUCT_NAME = "$(TARGET_NAME)";
				SWIFT_VERSION = 5.0;
				TARGETED_DEVICE_FAMILY = 1;
			};
			name = Debug;
		};
		8C088AAC25931DFD007772CC /* Release */ = {
			isa = XCBuildConfiguration;
			buildSettings = {
				ASSETCATALOG_COMPILER_APPICON_NAME = AppIcon;
				ASSETCATALOG_COMPILER_GLOBAL_ACCENT_COLOR_NAME = AccentColor;
				CODE_SIGN_STYLE = Automatic;
				CURRENT_PROJECT_VERSION = 2;
				DEVELOPMENT_ASSET_PATHS = "\"Elite Self/Preview Content\"";
				DEVELOPMENT_TEAM = 2QL8JDRMYQ;
				ENABLE_PREVIEWS = YES;
				INFOPLIST_FILE = "Elite Self/Info.plist";
				IPHONEOS_DEPLOYMENT_TARGET = 14.0;
				LD_RUNPATH_SEARCH_PATHS = (
					"$(inherited)",
					"@executable_path/Frameworks",
				);
				MARKETING_VERSION = 2.0;
				PRODUCT_BUNDLE_IDENTIFIER = com.divineapp.Eliteself;
				PRODUCT_NAME = "$(TARGET_NAME)";
				SWIFT_VERSION = 5.0;
				TARGETED_DEVICE_FAMILY = 1;
			};
			name = Release;
		};
		8C088AAE25931DFD007772CC /* Debug */ = {
			isa = XCBuildConfiguration;
			buildSettings = {
				ALWAYS_EMBED_SWIFT_STANDARD_LIBRARIES = YES;
				BUNDLE_LOADER = "$(TEST_HOST)";
				CODE_SIGN_STYLE = Automatic;
				DEVELOPMENT_TEAM = 2QL8JDRMYQ;
				INFOPLIST_FILE = "Elite SelfTests/Info.plist";
				IPHONEOS_DEPLOYMENT_TARGET = 14.0;
				LD_RUNPATH_SEARCH_PATHS = (
					"$(inherited)",
					"@executable_path/Frameworks",
					"@loader_path/Frameworks",
				);
				PRODUCT_BUNDLE_IDENTIFIER = "com.divineapp.Elite-SelfTests";
				PRODUCT_NAME = "$(TARGET_NAME)";
				SWIFT_VERSION = 5.0;
				TARGETED_DEVICE_FAMILY = "1,2";
				TEST_HOST = "$(BUILT_PRODUCTS_DIR)/Elite Self.app/Elite Self";
			};
			name = Debug;
		};
		8C088AAF25931DFD007772CC /* Release */ = {
			isa = XCBuildConfiguration;
			buildSettings = {
				ALWAYS_EMBED_SWIFT_STANDARD_LIBRARIES = YES;
				BUNDLE_LOADER = "$(TEST_HOST)";
				CODE_SIGN_STYLE = Automatic;
				DEVELOPMENT_TEAM = 2QL8JDRMYQ;
				INFOPLIST_FILE = "Elite SelfTests/Info.plist";
				IPHONEOS_DEPLOYMENT_TARGET = 14.0;
				LD_RUNPATH_SEARCH_PATHS = (
					"$(inherited)",
					"@executable_path/Frameworks",
					"@loader_path/Frameworks",
				);
				PRODUCT_BUNDLE_IDENTIFIER = "com.divineapp.Elite-SelfTests";
				PRODUCT_NAME = "$(TARGET_NAME)";
				SWIFT_VERSION = 5.0;
				TARGETED_DEVICE_FAMILY = "1,2";
				TEST_HOST = "$(BUILT_PRODUCTS_DIR)/Elite Self.app/Elite Self";
			};
			name = Release;
		};
		8C088AB125931DFD007772CC /* Debug */ = {
			isa = XCBuildConfiguration;
			buildSettings = {
				ALWAYS_EMBED_SWIFT_STANDARD_LIBRARIES = YES;
				CODE_SIGN_STYLE = Automatic;
				DEVELOPMENT_TEAM = 2QL8JDRMYQ;
				INFOPLIST_FILE = "Elite SelfUITests/Info.plist";
				LD_RUNPATH_SEARCH_PATHS = (
					"$(inherited)",
					"@executable_path/Frameworks",
					"@loader_path/Frameworks",
				);
				PRODUCT_BUNDLE_IDENTIFIER = "com.divineapp.Elite-SelfUITests";
				PRODUCT_NAME = "$(TARGET_NAME)";
				SWIFT_VERSION = 5.0;
				TARGETED_DEVICE_FAMILY = "1,2";
				TEST_TARGET_NAME = "Elite Self";
			};
			name = Debug;
		};
		8C088AB225931DFD007772CC /* Release */ = {
			isa = XCBuildConfiguration;
			buildSettings = {
				ALWAYS_EMBED_SWIFT_STANDARD_LIBRARIES = YES;
				CODE_SIGN_STYLE = Automatic;
				DEVELOPMENT_TEAM = 2QL8JDRMYQ;
				INFOPLIST_FILE = "Elite SelfUITests/Info.plist";
				LD_RUNPATH_SEARCH_PATHS = (
					"$(inherited)",
					"@executable_path/Frameworks",
					"@loader_path/Frameworks",
				);
				PRODUCT_BUNDLE_IDENTIFIER = "com.divineapp.Elite-SelfUITests";
				PRODUCT_NAME = "$(TARGET_NAME)";
				SWIFT_VERSION = 5.0;
				TARGETED_DEVICE_FAMILY = "1,2";
				TEST_TARGET_NAME = "Elite Self";
			};
			name = Release;
		};
/* End XCBuildConfiguration section */

/* Begin XCConfigurationList section */
		8C088A8025931DDE007772CC /* Build configuration list for PBXProject "Elite Self" */ = {
			isa = XCConfigurationList;
			buildConfigurations = (
				8C088AA825931DFD007772CC /* Debug */,
				8C088AA925931DFD007772CC /* Release */,
			);
			defaultConfigurationIsVisible = 0;
			defaultConfigurationName = Release;
		};
		8C088AAA25931DFD007772CC /* Build configuration list for PBXNativeTarget "Elite Self" */ = {
			isa = XCConfigurationList;
			buildConfigurations = (
				8C088AAB25931DFD007772CC /* Debug */,
				8C088AAC25931DFD007772CC /* Release */,
			);
			defaultConfigurationIsVisible = 0;
			defaultConfigurationName = Release;
		};
		8C088AAD25931DFD007772CC /* Build configuration list for PBXNativeTarget "Elite SelfTests" */ = {
			isa = XCConfigurationList;
			buildConfigurations = (
				8C088AAE25931DFD007772CC /* Debug */,
				8C088AAF25931DFD007772CC /* Release */,
			);
			defaultConfigurationIsVisible = 0;
			defaultConfigurationName = Release;
		};
		8C088AB025931DFD007772CC /* Build configuration list for PBXNativeTarget "Elite SelfUITests" */ = {
			isa = XCConfigurationList;
			buildConfigurations = (
				8C088AB125931DFD007772CC /* Debug */,
				8C088AB225931DFD007772CC /* Release */,
			);
			defaultConfigurationIsVisible = 0;
			defaultConfigurationName = Release;
		};
/* End XCConfigurationList section */
	};
	rootObject = 8C088A7D25931DDE007772CC /* Project object */;
}
