// !$*UTF8*$!
{
	archiveVersion = 1;
	classes = {
	};
	objectVersion = 48;
	objects = {

/* Begin PBXBuildFile section */
		C31AAFE22049F27000912D57 /* GoalsViewController.swift in Sources */ = {isa = PBXBuildFile; fileRef = C31AAFE12049F27000912D57 /* GoalsViewController.swift */; };
		C31DF08320B263FB007E640F /* NotifyUserManager.swift in Sources */ = {isa = PBXBuildFile; fileRef = C31DF08220B263FB007E640F /* NotifyUserManager.swift */; };
		C3319A0D20DDBCB1001A9F28 /* NotificationModel.swift in Sources */ = {isa = PBXBuildFile; fileRef = C3319A0C20DDBCB1001A9F28 /* NotificationModel.swift */; };
		C37143332082753200F5CD96 /* VisualBoardViewController.swift in Sources */ = {isa = PBXBuildFile; fileRef = C37143322082753200F5CD96 /* VisualBoardViewController.swift */; };
		C37FDCC820A0F0ED00460325 /* PhotoCell.swift in Sources */ = {isa = PBXBuildFile; fileRef = C37FDCC720A0F0ED00460325 /* PhotoCell.swift */; };
		C37FDCCC20A0F1A400460325 /* PhotoLibrary.swift in Sources */ = {isa = PBXBuildFile; fileRef = C37FDCCB20A0F1A400460325 /* PhotoLibrary.swift */; };
		C3C5E0FA203290E00045B1D5 /* quotes.json in Resources */ = {isa = PBXBuildFile; fileRef = C3C5E0F9203290E00045B1D5 /* quotes.json */; };
		C3D50C8E2030A46600EA1056 /* AppDelegate.swift in Sources */ = {isa = PBXBuildFile; fileRef = C3D50C8D2030A46600EA1056 /* AppDelegate.swift */; };
		C3D50C932030A46600EA1056 /* Main.storyboard in Resources */ = {isa = PBXBuildFile; fileRef = C3D50C912030A46600EA1056 /* Main.storyboard */; };
		C3D50C982030A46600EA1056 /* Assets.xcassets in Resources */ = {isa = PBXBuildFile; fileRef = C3D50C972030A46600EA1056 /* Assets.xcassets */; };
		C3D50C9B2030A46600EA1056 /* LaunchScreen.storyboard in Resources */ = {isa = PBXBuildFile; fileRef = C3D50C992030A46600EA1056 /* LaunchScreen.storyboard */; };
		C3D50CA32030A53C00EA1056 /* ViewController.swift in Sources */ = {isa = PBXBuildFile; fileRef = C3D50CA22030A53C00EA1056 /* ViewController.swift */; };
		C3EBDB9C20659BE800AF0328 /* StarsScene.sks in Resources */ = {isa = PBXBuildFile; fileRef = C3EBDB9B20659BE800AF0328 /* StarsScene.sks */; };
		C3EBDB9E20659C3000AF0328 /* StarsScene.swift in Sources */ = {isa = PBXBuildFile; fileRef = C3EBDB9D20659C3000AF0328 /* StarsScene.swift */; };
		FA1114FE21625AE800317111 /* UIColor+HexValue.swift in Sources */ = {isa = PBXBuildFile; fileRef = FA1114FD21625AE800317111 /* UIColor+HexValue.swift */; };
		FA11150021625B2500317111 /* UIView+CustomAnimations.swift in Sources */ = {isa = PBXBuildFile; fileRef = FA1114FF21625B2500317111 /* UIView+CustomAnimations.swift */; };
		FA11150221625B8500317111 /* Date+DateFormatter.swift in Sources */ = {isa = PBXBuildFile; fileRef = FA11150121625B8500317111 /* Date+DateFormatter.swift */; };
		FA11150521625BF800317111 /* Coordinator.swift in Sources */ = {isa = PBXBuildFile; fileRef = FA11150421625BF800317111 /* Coordinator.swift */; };
		FA11150721625C6D00317111 /* StoryboardedVCs.swift in Sources */ = {isa = PBXBuildFile; fileRef = FA11150621625C6D00317111 /* StoryboardedVCs.swift */; };
		FA11150921625CA400317111 /* MainCoordinator.swift in Sources */ = {isa = PBXBuildFile; fileRef = FA11150821625CA400317111 /* MainCoordinator.swift */; };
		FA3816AC2162A788003CCE3B /* SettingsTableViewController.swift in Sources */ = {isa = PBXBuildFile; fileRef = FA3816AB2162A788003CCE3B /* SettingsTableViewController.swift */; };
		FA3816AE2162A82E003CCE3B /* CardsCollectionViewController.swift in Sources */ = {isa = PBXBuildFile; fileRef = FA3816AD2162A82E003CCE3B /* CardsCollectionViewController.swift */; };
		FA54439B21387E8F00EC938E /* ThankView.swift in Sources */ = {isa = PBXBuildFile; fileRef = FA54439A21387E8F00EC938E /* ThankView.swift */; };
		FA5443A02138816200EC938E /* Localizable.strings in Resources */ = {isa = PBXBuildFile; fileRef = FA54439E2138816200EC938E /* Localizable.strings */; };
		FA95D3212144315C00003F2F /* ThankView.xib in Resources */ = {isa = PBXBuildFile; fileRef = FA95D3232144315C00003F2F /* ThankView.xib */; };
		FAE6CCEB2185990C003A8127 /* privacy_policy.html in Resources */ = {isa = PBXBuildFile; fileRef = FAE6CCEA2185990C003A8127 /* privacy_policy.html */; };
		FAE6CCEF218599D6003A8127 /* PrivacyViewController.swift in Sources */ = {isa = PBXBuildFile; fileRef = FAE6CCEE218599D6003A8127 /* PrivacyViewController.swift */; };
		FAE6CCF121859CF3003A8127 /* ManageNotificationCell.xib in Resources */ = {isa = PBXBuildFile; fileRef = FAE6CCF021859CF3003A8127 /* ManageNotificationCell.xib */; };
		FAE6CCF321859D2D003A8127 /* ManageNotificationCell.swift in Sources */ = {isa = PBXBuildFile; fileRef = FAE6CCF221859D2D003A8127 /* ManageNotificationCell.swift */; };
		FAE6CCF521859D5E003A8127 /* PrivacyPolicyCell.swift in Sources */ = {isa = PBXBuildFile; fileRef = FAE6CCF421859D5E003A8127 /* PrivacyPolicyCell.swift */; };
		FAE6CCF721859D6D003A8127 /* PrivacyPolicyCell.xib in Resources */ = {isa = PBXBuildFile; fileRef = FAE6CCF621859D6D003A8127 /* PrivacyPolicyCell.xib */; };
		FAE6CCFF2185A330003A8127 /* AffirmationViewCell.swift in Sources */ = {isa = PBXBuildFile; fileRef = FAE6CCFE2185A330003A8127 /* AffirmationViewCell.swift */; };
/* End PBXBuildFile section */

/* Begin PBXFileReference section */
		C31AAFE12049F27000912D57 /* GoalsViewController.swift */ = {isa = PBXFileReference; lastKnownFileType = sourcecode.swift; path = GoalsViewController.swift; sourceTree = "<group>"; };
		C31DF08220B263FB007E640F /* NotifyUserManager.swift */ = {isa = PBXFileReference; lastKnownFileType = sourcecode.swift; path = NotifyUserManager.swift; sourceTree = "<group>"; };
		C3319A0C20DDBCB1001A9F28 /* NotificationModel.swift */ = {isa = PBXFileReference; lastKnownFileType = sourcecode.swift; path = NotificationModel.swift; sourceTree = "<group>"; };
		C37143322082753200F5CD96 /* VisualBoardViewController.swift */ = {isa = PBXFileReference; lastKnownFileType = sourcecode.swift; path = VisualBoardViewController.swift; sourceTree = "<group>"; };
		C37FDCC720A0F0ED00460325 /* PhotoCell.swift */ = {isa = PBXFileReference; lastKnownFileType = sourcecode.swift; path = PhotoCell.swift; sourceTree = "<group>"; };
		C37FDCCB20A0F1A400460325 /* PhotoLibrary.swift */ = {isa = PBXFileReference; lastKnownFileType = sourcecode.swift; path = PhotoLibrary.swift; sourceTree = "<group>"; };
		C3C5E0F9203290E00045B1D5 /* quotes.json */ = {isa = PBXFileReference; lastKnownFileType = text.json; path = quotes.json; sourceTree = "<group>"; };
		C3D50C8A2030A46500EA1056 /* Elite Self.app */ = {isa = PBXFileReference; explicitFileType = wrapper.application; includeInIndex = 0; path = "Elite Self.app"; sourceTree = BUILT_PRODUCTS_DIR; };
		C3D50C8D2030A46600EA1056 /* AppDelegate.swift */ = {isa = PBXFileReference; lastKnownFileType = sourcecode.swift; path = AppDelegate.swift; sourceTree = "<group>"; };
		C3D50C922030A46600EA1056 /* Base */ = {isa = PBXFileReference; lastKnownFileType = file.storyboard; name = Base; path = Base.lproj/Main.storyboard; sourceTree = "<group>"; };
		C3D50C972030A46600EA1056 /* Assets.xcassets */ = {isa = PBXFileReference; lastKnownFileType = folder.assetcatalog; path = Assets.xcassets; sourceTree = "<group>"; };
		C3D50C9A2030A46600EA1056 /* Base */ = {isa = PBXFileReference; lastKnownFileType = file.storyboard; name = Base; path = Base.lproj/LaunchScreen.storyboard; sourceTree = "<group>"; };
		C3D50C9C2030A46600EA1056 /* Info.plist */ = {isa = PBXFileReference; lastKnownFileType = text.plist.xml; path = Info.plist; sourceTree = "<group>"; };
		C3D50CA22030A53C00EA1056 /* ViewController.swift */ = {isa = PBXFileReference; lastKnownFileType = sourcecode.swift; path = ViewController.swift; sourceTree = "<group>"; };
		C3EBDB9B20659BE800AF0328 /* StarsScene.sks */ = {isa = PBXFileReference; lastKnownFileType = file.sks; path = StarsScene.sks; sourceTree = "<group>"; };
		C3EBDB9D20659C3000AF0328 /* StarsScene.swift */ = {isa = PBXFileReference; lastKnownFileType = sourcecode.swift; path = StarsScene.swift; sourceTree = "<group>"; };
		FA1114FD21625AE800317111 /* UIColor+HexValue.swift */ = {isa = PBXFileReference; lastKnownFileType = sourcecode.swift; path = "UIColor+HexValue.swift"; sourceTree = "<group>"; };
		FA1114FF21625B2500317111 /* UIView+CustomAnimations.swift */ = {isa = PBXFileReference; lastKnownFileType = sourcecode.swift; path = "UIView+CustomAnimations.swift"; sourceTree = "<group>"; };
		FA11150121625B8500317111 /* Date+DateFormatter.swift */ = {isa = PBXFileReference; lastKnownFileType = sourcecode.swift; path = "Date+DateFormatter.swift"; sourceTree = "<group>"; };
		FA11150421625BF800317111 /* Coordinator.swift */ = {isa = PBXFileReference; lastKnownFileType = sourcecode.swift; path = Coordinator.swift; sourceTree = "<group>"; };
		FA11150621625C6D00317111 /* StoryboardedVCs.swift */ = {isa = PBXFileReference; lastKnownFileType = sourcecode.swift; path = StoryboardedVCs.swift; sourceTree = "<group>"; };
		FA11150821625CA400317111 /* MainCoordinator.swift */ = {isa = PBXFileReference; lastKnownFileType = sourcecode.swift; path = MainCoordinator.swift; sourceTree = "<group>"; };
		FA3816AB2162A788003CCE3B /* SettingsTableViewController.swift */ = {isa = PBXFileReference; lastKnownFileType = sourcecode.swift; path = SettingsTableViewController.swift; sourceTree = "<group>"; };
		FA3816AD2162A82E003CCE3B /* CardsCollectionViewController.swift */ = {isa = PBXFileReference; lastKnownFileType = sourcecode.swift; path = CardsCollectionViewController.swift; sourceTree = "<group>"; };
		FA5443942138659500EC938E /* ru */ = {isa = PBXFileReference; lastKnownFileType = text.plist.strings; name = ru; path = ru.lproj/Main.strings; sourceTree = "<group>"; };
		FA5443952138659500EC938E /* ru */ = {isa = PBXFileReference; lastKnownFileType = text.plist.strings; name = ru; path = ru.lproj/LaunchScreen.strings; sourceTree = "<group>"; };
		FA54439A21387E8F00EC938E /* ThankView.swift */ = {isa = PBXFileReference; lastKnownFileType = sourcecode.swift; path = ThankView.swift; sourceTree = "<group>"; };
		FA54439F2138816200EC938E /* Base */ = {isa = PBXFileReference; lastKnownFileType = text.plist.strings; name = Base; path = Base.lproj/Localizable.strings; sourceTree = "<group>"; };
		FA5443A12138816800EC938E /* ru */ = {isa = PBXFileReference; lastKnownFileType = text.plist.strings; name = ru; path = ru.lproj/Localizable.strings; sourceTree = "<group>"; };
		FA95D3222144315C00003F2F /* Base */ = {isa = PBXFileReference; lastKnownFileType = file.xib; name = Base; path = Base.lproj/ThankView.xib; sourceTree = "<group>"; };
		FA95D3252144316200003F2F /* ru */ = {isa = PBXFileReference; lastKnownFileType = text.plist.strings; name = ru; path = ru.lproj/ThankView.strings; sourceTree = "<group>"; };
		FAE6CCEA2185990C003A8127 /* privacy_policy.html */ = {isa = PBXFileReference; fileEncoding = 4; lastKnownFileType = text.html; path = privacy_policy.html; sourceTree = "<group>"; };
		FAE6CCEE218599D6003A8127 /* PrivacyViewController.swift */ = {isa = PBXFileReference; lastKnownFileType = sourcecode.swift; path = PrivacyViewController.swift; sourceTree = "<group>"; };
		FAE6CCF021859CF3003A8127 /* ManageNotificationCell.xib */ = {isa = PBXFileReference; lastKnownFileType = file.xib; path = ManageNotificationCell.xib; sourceTree = "<group>"; };
		FAE6CCF221859D2D003A8127 /* ManageNotificationCell.swift */ = {isa = PBXFileReference; lastKnownFileType = sourcecode.swift; path = ManageNotificationCell.swift; sourceTree = "<group>"; };
		FAE6CCF421859D5E003A8127 /* PrivacyPolicyCell.swift */ = {isa = PBXFileReference; lastKnownFileType = sourcecode.swift; path = PrivacyPolicyCell.swift; sourceTree = "<group>"; };
		FAE6CCF621859D6D003A8127 /* PrivacyPolicyCell.xib */ = {isa = PBXFileReference; lastKnownFileType = file.xib; path = PrivacyPolicyCell.xib; sourceTree = "<group>"; };
		FAE6CCFE2185A330003A8127 /* AffirmationViewCell.swift */ = {isa = PBXFileReference; lastKnownFileType = sourcecode.swift; path = AffirmationViewCell.swift; sourceTree = "<group>"; };
/* End PBXFileReference section */

/* Begin PBXFrameworksBuildPhase section */
		C3D50C872030A46500EA1056 /* Frameworks */ = {
			isa = PBXFrameworksBuildPhase;
			buildActionMask = 2147483647;
			files = (
			);
			runOnlyForDeploymentPostprocessing = 0;
		};
/* End PBXFrameworksBuildPhase section */

/* Begin PBXGroup section */
		C3C9D26420A5AA6600B08031 /* Models */ = {
			isa = PBXGroup;
			children = (
				C37FDCCB20A0F1A400460325 /* PhotoLibrary.swift */,
				C3319A0C20DDBCB1001A9F28 /* NotificationModel.swift */,
			);
			path = Models;
			sourceTree = "<group>";
		};
		C3C9D26520A5AA7D00B08031 /* Views */ = {
			isa = PBXGroup;
			children = (
				FAE6CCEC21859960003A8127 /* TableViewCells */,
				FAE6CD002185A337003A8127 /* CollectionViewCells */,
				FA54439A21387E8F00EC938E /* ThankView.swift */,
				C3EBDB9D20659C3000AF0328 /* StarsScene.swift */,
			);
			path = Views;
			sourceTree = "<group>";
		};
		C3C9D26620A5AA9A00B08031 /* View Controllers */ = {
			isa = PBXGroup;
			children = (
				C3D50CA22030A53C00EA1056 /* ViewController.swift */,
				C31AAFE12049F27000912D57 /* GoalsViewController.swift */,
				C37143322082753200F5CD96 /* VisualBoardViewController.swift */,
				FA3816AD2162A82E003CCE3B /* CardsCollectionViewController.swift */,
				FAE6CCED21859971003A8127 /* Settings */,
			);
			path = "View Controllers";
			sourceTree = "<group>";
		};
		C3C9D26820A5AB3000B08031 /* Supporting Files */ = {
			isa = PBXGroup;
			children = (
				FAE6CCEA2185990C003A8127 /* privacy_policy.html */,
				C3EBDB9B20659BE800AF0328 /* StarsScene.sks */,
				C3D50C972030A46600EA1056 /* Assets.xcassets */,
				C3C5E0F9203290E00045B1D5 /* quotes.json */,
			);
			path = "Supporting Files";
			sourceTree = "<group>";
		};
		C3D50C812030A46500EA1056 = {
			isa = PBXGroup;
			children = (
				C3D50C8C2030A46500EA1056 /* Elite Self */,
				C3D50C8B2030A46500EA1056 /* Products */,
			);
			sourceTree = "<group>";
		};
		C3D50C8B2030A46500EA1056 /* Products */ = {
			isa = PBXGroup;
			children = (
				C3D50C8A2030A46500EA1056 /* Elite Self.app */,
			);
			name = Products;
			sourceTree = "<group>";
		};
		C3D50C8C2030A46500EA1056 /* Elite Self */ = {
			isa = PBXGroup;
			children = (
				C3D50C8D2030A46600EA1056 /* AppDelegate.swift */,
				C31DF08220B263FB007E640F /* NotifyUserManager.swift */,
				FA11150621625C6D00317111 /* StoryboardedVCs.swift */,
				C3C9D26420A5AA6600B08031 /* Models */,
				C3C9D26520A5AA7D00B08031 /* Views */,
				C3C9D26620A5AA9A00B08031 /* View Controllers */,
				FA11150321625BDC00317111 /* Coordinators */,
				FA1114FC21625AA400317111 /* Extensions */,
				C3C9D26820A5AB3000B08031 /* Supporting Files */,
				C3D50C912030A46600EA1056 /* Main.storyboard */,
				FA95D3232144315C00003F2F /* ThankView.xib */,
				C3D50C992030A46600EA1056 /* LaunchScreen.storyboard */,
				C3D50C9C2030A46600EA1056 /* Info.plist */,
				FA54439E2138816200EC938E /* Localizable.strings */,
			);
			path = "Elite Self";
			sourceTree = "<group>";
		};
		FA1114FC21625AA400317111 /* Extensions */ = {
			isa = PBXGroup;
			children = (
				FA1114FD21625AE800317111 /* UIColor+HexValue.swift */,
				FA1114FF21625B2500317111 /* UIView+CustomAnimations.swift */,
				FA11150121625B8500317111 /* Date+DateFormatter.swift */,
			);
			path = Extensions;
			sourceTree = "<group>";
		};
		FA11150321625BDC00317111 /* Coordinators */ = {
			isa = PBXGroup;
			children = (
				FA11150421625BF800317111 /* Coordinator.swift */,
				FA11150821625CA400317111 /* MainCoordinator.swift */,
			);
			path = Coordinators;
			sourceTree = "<group>";
		};
		FAE6CCEC21859960003A8127 /* TableViewCells */ = {
			isa = PBXGroup;
			children = (
				FAE6CCF221859D2D003A8127 /* ManageNotificationCell.swift */,
				FAE6CCF021859CF3003A8127 /* ManageNotificationCell.xib */,
				FAE6CCF421859D5E003A8127 /* PrivacyPolicyCell.swift */,
				FAE6CCF621859D6D003A8127 /* PrivacyPolicyCell.xib */,
			);
			path = TableViewCells;
			sourceTree = "<group>";
		};
		FAE6CCED21859971003A8127 /* Settings */ = {
			isa = PBXGroup;
			children = (
				FA3816AB2162A788003CCE3B /* SettingsTableViewController.swift */,
				FAE6CCEE218599D6003A8127 /* PrivacyViewController.swift */,
			);
			path = Settings;
			sourceTree = "<group>";
		};
		FAE6CD002185A337003A8127 /* CollectionViewCells */ = {
			isa = PBXGroup;
			children = (
				C37FDCC720A0F0ED00460325 /* PhotoCell.swift */,
				FAE6CCFE2185A330003A8127 /* AffirmationViewCell.swift */,
			);
			path = CollectionViewCells;
			sourceTree = "<group>";
		};
/* End PBXGroup section */

/* Begin PBXNativeTarget section */
		C3D50C892030A46500EA1056 /* Elite Self */ = {
			isa = PBXNativeTarget;
			buildConfigurationList = C3D50C9F2030A46600EA1056 /* Build configuration list for PBXNativeTarget "Elite Self" */;
			buildPhases = (
				C3D50C862030A46500EA1056 /* Sources */,
				C3D50C872030A46500EA1056 /* Frameworks */,
				C3D50C882030A46500EA1056 /* Resources */,
			);
			buildRules = (
			);
			dependencies = (
			);
			name = "Elite Self";
			productName = "Elite Self";
			productReference = C3D50C8A2030A46500EA1056 /* Elite Self.app */;
			productType = "com.apple.product-type.application";
		};
/* End PBXNativeTarget section */

/* Begin PBXProject section */
		C3D50C822030A46500EA1056 /* Project object */ = {
			isa = PBXProject;
			attributes = {
				LastSwiftUpdateCheck = 0920;
				LastUpgradeCheck = 0930;
				ORGANIZATIONNAME = "Divine App";
				TargetAttributes = {
					C3D50C892030A46500EA1056 = {
						CreatedOnToolsVersion = 9.2;
						LastSwiftMigration = 1000;
						ProvisioningStyle = Automatic;
					};
				};
			};
			buildConfigurationList = C3D50C852030A46500EA1056 /* Build configuration list for PBXProject "Elite Self" */;
			compatibilityVersion = "Xcode 8.0";
			developmentRegion = en;
			hasScannedForEncodings = 0;
			knownRegions = (
				en,
				Base,
				ru,
			);
			mainGroup = C3D50C812030A46500EA1056;
			productRefGroup = C3D50C8B2030A46500EA1056 /* Products */;
			projectDirPath = "";
			projectRoot = "";
			targets = (
				C3D50C892030A46500EA1056 /* Elite Self */,
			);
		};
/* End PBXProject section */

/* Begin PBXResourcesBuildPhase section */
		C3D50C882030A46500EA1056 /* Resources */ = {
			isa = PBXResourcesBuildPhase;
			buildActionMask = 2147483647;
			files = (
				FAE6CCF721859D6D003A8127 /* PrivacyPolicyCell.xib in Resources */,
				C3C5E0FA203290E00045B1D5 /* quotes.json in Resources */,
				C3D50C9B2030A46600EA1056 /* LaunchScreen.storyboard in Resources */,
				C3EBDB9C20659BE800AF0328 /* StarsScene.sks in Resources */,
				FAE6CCEB2185990C003A8127 /* privacy_policy.html in Resources */,
				FA5443A02138816200EC938E /* Localizable.strings in Resources */,
				FAE6CCF121859CF3003A8127 /* ManageNotificationCell.xib in Resources */,
				FA95D3212144315C00003F2F /* ThankView.xib in Resources */,
				C3D50C982030A46600EA1056 /* Assets.xcassets in Resources */,
				C3D50C932030A46600EA1056 /* Main.storyboard in Resources */,
			);
			runOnlyForDeploymentPostprocessing = 0;
		};
/* End PBXResourcesBuildPhase section */

/* Begin PBXSourcesBuildPhase section */
		C3D50C862030A46500EA1056 /* Sources */ = {
			isa = PBXSourcesBuildPhase;
			buildActionMask = 2147483647;
			files = (
				FA11150921625CA400317111 /* MainCoordinator.swift in Sources */,
				C3319A0D20DDBCB1001A9F28 /* NotificationModel.swift in Sources */,
				C3D50CA32030A53C00EA1056 /* ViewController.swift in Sources */,
				FA11150521625BF800317111 /* Coordinator.swift in Sources */,
				FAE6CCFF2185A330003A8127 /* AffirmationViewCell.swift in Sources */,
				C31DF08320B263FB007E640F /* NotifyUserManager.swift in Sources */,
				C31AAFE22049F27000912D57 /* GoalsViewController.swift in Sources */,
				FA3816AC2162A788003CCE3B /* SettingsTableViewController.swift in Sources */,
				FA11150021625B2500317111 /* UIView+CustomAnimations.swift in Sources */,
				C37143332082753200F5CD96 /* VisualBoardViewController.swift in Sources */,
				C3D50C8E2030A46600EA1056 /* AppDelegate.swift in Sources */,
				C37FDCCC20A0F1A400460325 /* PhotoLibrary.swift in Sources */,
				FA1114FE21625AE800317111 /* UIColor+HexValue.swift in Sources */,
				FAE6CCEF218599D6003A8127 /* PrivacyViewController.swift in Sources */,
				C3EBDB9E20659C3000AF0328 /* StarsScene.swift in Sources */,
				FA11150221625B8500317111 /* Date+DateFormatter.swift in Sources */,
				FAE6CCF521859D5E003A8127 /* PrivacyPolicyCell.swift in Sources */,
				C37FDCC820A0F0ED00460325 /* PhotoCell.swift in Sources */,
				FA11150721625C6D00317111 /* StoryboardedVCs.swift in Sources */,
				FA3816AE2162A82E003CCE3B /* CardsCollectionViewController.swift in Sources */,
				FA54439B21387E8F00EC938E /* ThankView.swift in Sources */,
				FAE6CCF321859D2D003A8127 /* ManageNotificationCell.swift in Sources */,
			);
			runOnlyForDeploymentPostprocessing = 0;
		};
/* End PBXSourcesBuildPhase section */

/* Begin PBXVariantGroup section */
		C3D50C912030A46600EA1056 /* Main.storyboard */ = {
			isa = PBXVariantGroup;
			children = (
				C3D50C922030A46600EA1056 /* Base */,
				FA5443942138659500EC938E /* ru */,
			);
			name = Main.storyboard;
			sourceTree = "<group>";
		};
		C3D50C992030A46600EA1056 /* LaunchScreen.storyboard */ = {
			isa = PBXVariantGroup;
			children = (
				C3D50C9A2030A46600EA1056 /* Base */,
				FA5443952138659500EC938E /* ru */,
			);
			name = LaunchScreen.storyboard;
			sourceTree = "<group>";
		};
		FA54439E2138816200EC938E /* Localizable.strings */ = {
			isa = PBXVariantGroup;
			children = (
				FA54439F2138816200EC938E /* Base */,
				FA5443A12138816800EC938E /* ru */,
			);
			name = Localizable.strings;
			sourceTree = "<group>";
		};
		FA95D3232144315C00003F2F /* ThankView.xib */ = {
			isa = PBXVariantGroup;
			children = (
				FA95D3222144315C00003F2F /* Base */,
				FA95D3252144316200003F2F /* ru */,
			);
			name = ThankView.xib;
			sourceTree = "<group>";
		};
/* End PBXVariantGroup section */

/* Begin XCBuildConfiguration section */
		C3D50C9D2030A46600EA1056 /* Debug */ = {
			isa = XCBuildConfiguration;
			buildSettings = {
				ALWAYS_SEARCH_USER_PATHS = NO;
				CLANG_ANALYZER_LOCALIZABILITY_NONLOCALIZED = YES;
				CLANG_ANALYZER_NONNULL = YES;
				CLANG_ANALYZER_NUMBER_OBJECT_CONVERSION = YES_AGGRESSIVE;
				CLANG_CXX_LANGUAGE_STANDARD = "gnu++14";
				CLANG_CXX_LIBRARY = "libc++";
				CLANG_ENABLE_MODULES = YES;
				CLANG_ENABLE_OBJC_ARC = YES;
				CLANG_WARN_BLOCK_CAPTURE_AUTORELEASING = YES;
				CLANG_WARN_BOOL_CONVERSION = YES;
				CLANG_WARN_COMMA = YES;
				CLANG_WARN_CONSTANT_CONVERSION = YES;
				CLANG_WARN_DEPRECATED_OBJC_IMPLEMENTATIONS = YES;
				CLANG_WARN_DIRECT_OBJC_ISA_USAGE = YES_ERROR;
				CLANG_WARN_DOCUMENTATION_COMMENTS = YES;
				CLANG_WARN_EMPTY_BODY = YES;
				CLANG_WARN_ENUM_CONVERSION = YES;
				CLANG_WARN_INFINITE_RECURSION = YES;
				CLANG_WARN_INT_CONVERSION = YES;
				CLANG_WARN_NON_LITERAL_NULL_CONVERSION = YES;
				CLANG_WARN_OBJC_IMPLICIT_RETAIN_SELF = YES;
				CLANG_WARN_OBJC_LITERAL_CONVERSION = YES;
				CLANG_WARN_OBJC_ROOT_CLASS = YES_ERROR;
				CLANG_WARN_RANGE_LOOP_ANALYSIS = YES;
				CLANG_WARN_STRICT_PROTOTYPES = YES;
				CLANG_WARN_SUSPICIOUS_MOVE = YES;
				CLANG_WARN_UNGUARDED_AVAILABILITY = YES_AGGRESSIVE;
				CLANG_WARN_UNREACHABLE_CODE = YES;
				CLANG_WARN__DUPLICATE_METHOD_MATCH = YES;
				CODE_SIGN_IDENTITY = "iPhone Developer";
				COPY_PHASE_STRIP = NO;
				DEBUG_INFORMATION_FORMAT = dwarf;
				ENABLE_STRICT_OBJC_MSGSEND = YES;
				ENABLE_TESTABILITY = YES;
				GCC_C_LANGUAGE_STANDARD = gnu11;
				GCC_DYNAMIC_NO_PIC = NO;
				GCC_NO_COMMON_BLOCKS = YES;
				GCC_OPTIMIZATION_LEVEL = 0;
				GCC_PREPROCESSOR_DEFINITIONS = (
					"DEBUG=1",
					"$(inherited)",
				);
				GCC_WARN_64_TO_32_BIT_CONVERSION = YES;
				GCC_WARN_ABOUT_RETURN_TYPE = YES_ERROR;
				GCC_WARN_UNDECLARED_SELECTOR = YES;
				GCC_WARN_UNINITIALIZED_AUTOS = YES_AGGRESSIVE;
				GCC_WARN_UNUSED_FUNCTION = YES;
				GCC_WARN_UNUSED_VARIABLE = YES;
				IPHONEOS_DEPLOYMENT_TARGET = 11.3;
				MTL_ENABLE_DEBUG_INFO = YES;
				ONLY_ACTIVE_ARCH = YES;
				SDKROOT = iphoneos;
				SWIFT_ACTIVE_COMPILATION_CONDITIONS = DEBUG;
				SWIFT_OPTIMIZATION_LEVEL = "-Onone";
			};
			name = Debug;
		};
		C3D50C9E2030A46600EA1056 /* Release */ = {
			isa = XCBuildConfiguration;
			buildSettings = {
				ALWAYS_SEARCH_USER_PATHS = NO;
				CLANG_ANALYZER_LOCALIZABILITY_NONLOCALIZED = YES;
				CLANG_ANALYZER_NONNULL = YES;
				CLANG_ANALYZER_NUMBER_OBJECT_CONVERSION = YES_AGGRESSIVE;
				CLANG_CXX_LANGUAGE_STANDARD = "gnu++14";
				CLANG_CXX_LIBRARY = "libc++";
				CLANG_ENABLE_MODULES = YES;
				CLANG_ENABLE_OBJC_ARC = YES;
				CLANG_WARN_BLOCK_CAPTURE_AUTORELEASING = YES;
				CLANG_WARN_BOOL_CONVERSION = YES;
				CLANG_WARN_COMMA = YES;
				CLANG_WARN_CONSTANT_CONVERSION = YES;
				CLANG_WARN_DEPRECATED_OBJC_IMPLEMENTATIONS = YES;
				CLANG_WARN_DIRECT_OBJC_ISA_USAGE = YES_ERROR;
				CLANG_WARN_DOCUMENTATION_COMMENTS = YES;
				CLANG_WARN_EMPTY_BODY = YES;
				CLANG_WARN_ENUM_CONVERSION = YES;
				CLANG_WARN_INFINITE_RECURSION = YES;
				CLANG_WARN_INT_CONVERSION = YES;
				CLANG_WARN_NON_LITERAL_NULL_CONVERSION = YES;
				CLANG_WARN_OBJC_IMPLICIT_RETAIN_SELF = YES;
				CLANG_WARN_OBJC_LITERAL_CONVERSION = YES;
				CLANG_WARN_OBJC_ROOT_CLASS = YES_ERROR;
				CLANG_WARN_RANGE_LOOP_ANALYSIS = YES;
				CLANG_WARN_STRICT_PROTOTYPES = YES;
				CLANG_WARN_SUSPICIOUS_MOVE = YES;
				CLANG_WARN_UNGUARDED_AVAILABILITY = YES_AGGRESSIVE;
				CLANG_WARN_UNREACHABLE_CODE = YES;
				CLANG_WARN__DUPLICATE_METHOD_MATCH = YES;
				CODE_SIGN_IDENTITY = "iPhone Developer";
				COPY_PHASE_STRIP = NO;
				DEBUG_INFORMATION_FORMAT = "dwarf-with-dsym";
				ENABLE_NS_ASSERTIONS = NO;
				ENABLE_STRICT_OBJC_MSGSEND = YES;
				GCC_C_LANGUAGE_STANDARD = gnu11;
				GCC_NO_COMMON_BLOCKS = YES;
				GCC_WARN_64_TO_32_BIT_CONVERSION = YES;
				GCC_WARN_ABOUT_RETURN_TYPE = YES_ERROR;
				GCC_WARN_UNDECLARED_SELECTOR = YES;
				GCC_WARN_UNINITIALIZED_AUTOS = YES_AGGRESSIVE;
				GCC_WARN_UNUSED_FUNCTION = YES;
				GCC_WARN_UNUSED_VARIABLE = YES;
				IPHONEOS_DEPLOYMENT_TARGET = 11.3;
				MTL_ENABLE_DEBUG_INFO = NO;
				SDKROOT = iphoneos;
				SWIFT_OPTIMIZATION_LEVEL = "-Owholemodule";
				VALIDATE_PRODUCT = YES;
			};
			name = Release;
		};
		C3D50CA02030A46600EA1056 /* Debug */ = {
			isa = XCBuildConfiguration;
			buildSettings = {
				ASSETCATALOG_COMPILER_APPICON_NAME = AppIcon;
				CODE_SIGN_STYLE = Automatic;
				DEVELOPMENT_TEAM = 2QL8JDRMYQ;
				INFOPLIST_FILE = "Elite Self/Info.plist";
				IPHONEOS_DEPLOYMENT_TARGET = 12.0;
				LD_RUNPATH_SEARCH_PATHS = "$(inherited) @executable_path/Frameworks";
				PRODUCT_BUNDLE_IDENTIFIER = "com.divineapp.Elite-Self";
				PRODUCT_NAME = "$(TARGET_NAME)";
				SWIFT_VERSION = 4.2;
				TARGETED_DEVICE_FAMILY = "1,2";
			};
			name = Debug;
		};
		C3D50CA12030A46600EA1056 /* Release */ = {
			isa = XCBuildConfiguration;
			buildSettings = {
				ASSETCATALOG_COMPILER_APPICON_NAME = AppIcon;
				CODE_SIGN_STYLE = Automatic;
				DEVELOPMENT_TEAM = 2QL8JDRMYQ;
				INFOPLIST_FILE = "Elite Self/Info.plist";
				IPHONEOS_DEPLOYMENT_TARGET = 12.0;
				LD_RUNPATH_SEARCH_PATHS = "$(inherited) @executable_path/Frameworks";
				PRODUCT_BUNDLE_IDENTIFIER = "com.divineapp.Elite-Self";
				PRODUCT_NAME = "$(TARGET_NAME)";
				SWIFT_VERSION = 4.2;
				TARGETED_DEVICE_FAMILY = "1,2";
			};
			name = Release;
		};
/* End XCBuildConfiguration section */

/* Begin XCConfigurationList section */
		C3D50C852030A46500EA1056 /* Build configuration list for PBXProject "Elite Self" */ = {
			isa = XCConfigurationList;
			buildConfigurations = (
				C3D50C9D2030A46600EA1056 /* Debug */,
				C3D50C9E2030A46600EA1056 /* Release */,
			);
			defaultConfigurationIsVisible = 0;
			defaultConfigurationName = Release;
		};
		C3D50C9F2030A46600EA1056 /* Build configuration list for PBXNativeTarget "Elite Self" */ = {
			isa = XCConfigurationList;
			buildConfigurations = (
				C3D50CA02030A46600EA1056 /* Debug */,
				C3D50CA12030A46600EA1056 /* Release */,
			);
			defaultConfigurationIsVisible = 0;
			defaultConfigurationName = Release;
		};
/* End XCConfigurationList section */
	};
	rootObject = C3D50C822030A46500EA1056 /* Project object */;
}
